PODS:
  - Alamofire (5.4.1)
  - SkyFloatingLabelTextField (4.0.0)
  - SwiftGen (6.5.1)
  - SwiftLint (0.47.1)

DEPENDENCIES:
  - Alamofire
  - SkyFloatingLabelTextField
  - SwiftGen
  - SwiftLint

SPEC REPOS:
  trunk:
    - Alamofire
    - SkyFloatingLabelTextField
    - SwiftGen
    - SwiftLint

SPEC CHECKSUMS:
  Alamofire: 2291f7d21ca607c491dd17642e5d40fdcda0e65c
  SkyFloatingLabelTextField: 79ddc40e4ad59707fedbb48d605417aee48bb78a
  SwiftGen: a6d22010845f08fe18fbdf3a07a8e380fd22e0ea
  SwiftLint: f80f1be7fa96d30e0aa68e58d45d4ea1ccaac519

PODFILE CHECKSUM: 3f7b62318bb6d4b5177a9bb6945a2a2d8e3e8ba8

COCOAPODS: 1.11.3
