// !$*UTF8*$!
{
	archiveVersion = 1;
	classes = {
	};
	objectVersion = 55;
	objects = {

/* Begin PBXBuildFile section */
		205E1F01DE7DFA26AB2E5908 /* Pods_Main.framework in Frameworks */ = {isa = PBXBuildFile; fileRef = 71C893BBB9CA7698F0EB8192 /* Pods_Main.framework */; };
		5A29067AB082F5A842783289 /* Pods_BaseApplication.framework in Frameworks */ = {isa = PBXBuildFile; fileRef = 30B5705635D77B26FE08302B /* Pods_BaseApplication.framework */; };
		A07F3C56288736200061F112 /* AppDelegate.swift in Sources */ = {isa = PBXBuildFile; fileRef = A07F3C55288736200061F112 /* AppDelegate.swift */; };
		A07F3C58288736200061F112 /* SceneDelegate.swift in Sources */ = {isa = PBXBuildFile; fileRef = A07F3C57288736200061F112 /* SceneDelegate.swift */; };
		A07F3C5F288736220061F112 /* Assets.xcassets in Resources */ = {isa = PBXBuildFile; fileRef = A07F3C5E288736220061F112 /* Assets.xcassets */; };
		A07F3C62288736220061F112 /* LaunchScreen.storyboard in Resources */ = {isa = PBXBuildFile; fileRef = A07F3C60288736220061F112 /* LaunchScreen.storyboard */; };
		A07F3C7C2887381F0061F112 /* Core.framework in Frameworks */ = {isa = PBXBuildFile; fileRef = A07F3C762887381F0061F112 /* Core.framework */; };
		A07F3C7D2887381F0061F112 /* Core.framework in Embed Frameworks */ = {isa = PBXBuildFile; fileRef = A07F3C762887381F0061F112 /* Core.framework */; settings = {ATTRIBUTES = (CodeSignOnCopy, RemoveHeadersOnCopy, ); }; };
		A07F3C88288746EA0061F112 /* Assets.xcassets in Resources */ = {isa = PBXBuildFile; fileRef = A07F3C87288746EA0061F112 /* Assets.xcassets */; };
		A07F3C92288747260061F112 /* Colors.swift in Sources */ = {isa = PBXBuildFile; fileRef = A07F3C8A288747260061F112 /* Colors.swift */; };
		A07F3C93288747260061F112 /* Assets.swift in Sources */ = {isa = PBXBuildFile; fileRef = A07F3C8C288747260061F112 /* Assets.swift */; };
		A07F3C94288747260061F112 /* Localizable.strings in Resources */ = {isa = PBXBuildFile; fileRef = A07F3C8E288747260061F112 /* Localizable.strings */; };
		A07F3C95288747260061F112 /* AppStrings.swift in Sources */ = {isa = PBXBuildFile; fileRef = A07F3C8F288747260061F112 /* AppStrings.swift */; };
		A07F3C96288747260061F112 /* FontFamily.swift in Sources */ = {isa = PBXBuildFile; fileRef = A07F3C91288747260061F112 /* FontFamily.swift */; };
		A07F3CB1288748120061F112 /* colors.txt in Resources */ = {isa = PBXBuildFile; fileRef = A07F3C9A288748120061F112 /* colors.txt */; };
		A07F3CB2288748120061F112 /* OpenSans-SemiBold.ttf in Resources */ = {isa = PBXBuildFile; fileRef = A07F3C9D288748120061F112 /* OpenSans-SemiBold.ttf */; };
		A07F3CB3288748120061F112 /* Poppins-BoldItalic.ttf in Resources */ = {isa = PBXBuildFile; fileRef = A07F3C9E288748120061F112 /* Poppins-BoldItalic.ttf */; };
		A07F3CB4288748120061F112 /* Poppins-Light.ttf in Resources */ = {isa = PBXBuildFile; fileRef = A07F3C9F288748120061F112 /* Poppins-Light.ttf */; };
		A07F3CB5288748120061F112 /* OpenSans-Light.ttf in Resources */ = {isa = PBXBuildFile; fileRef = A07F3CA0288748120061F112 /* OpenSans-Light.ttf */; };
		A07F3CB6288748120061F112 /* Poppins-SemiBoldItalic.ttf in Resources */ = {isa = PBXBuildFile; fileRef = A07F3CA1288748120061F112 /* Poppins-SemiBoldItalic.ttf */; };
		A07F3CB7288748120061F112 /* OpenSans-Italic.ttf in Resources */ = {isa = PBXBuildFile; fileRef = A07F3CA2288748120061F112 /* OpenSans-Italic.ttf */; };
		A07F3CB8288748120061F112 /* Poppins-ExtraBoldItalic.ttf in Resources */ = {isa = PBXBuildFile; fileRef = A07F3CA3288748120061F112 /* Poppins-ExtraBoldItalic.ttf */; };
		A07F3CB9288748120061F112 /* Poppins-ExtraBold.ttf in Resources */ = {isa = PBXBuildFile; fileRef = A07F3CA4288748120061F112 /* Poppins-ExtraBold.ttf */; };
		A07F3CBA288748120061F112 /* OpenSans-ExtraBold.ttf in Resources */ = {isa = PBXBuildFile; fileRef = A07F3CA5288748120061F112 /* OpenSans-ExtraBold.ttf */; };
		A07F3CBB288748120061F112 /* OpenSans-LightItalic.ttf in Resources */ = {isa = PBXBuildFile; fileRef = A07F3CA6288748120061F112 /* OpenSans-LightItalic.ttf */; };
		A07F3CBC288748120061F112 /* OpenSans-Bold.ttf in Resources */ = {isa = PBXBuildFile; fileRef = A07F3CA7288748120061F112 /* OpenSans-Bold.ttf */; };
		A07F3CBD288748120061F112 /* Poppins-Regular.ttf in Resources */ = {isa = PBXBuildFile; fileRef = A07F3CA8288748120061F112 /* Poppins-Regular.ttf */; };
		A07F3CBE288748120061F112 /* OpenSans-SemiBoldItalic.ttf in Resources */ = {isa = PBXBuildFile; fileRef = A07F3CA9288748120061F112 /* OpenSans-SemiBoldItalic.ttf */; };
		A07F3CBF288748120061F112 /* Poppins-LightItalic.ttf in Resources */ = {isa = PBXBuildFile; fileRef = A07F3CAA288748120061F112 /* Poppins-LightItalic.ttf */; };
		A07F3CC0288748120061F112 /* OpenSans-ExtraBoldItalic.ttf in Resources */ = {isa = PBXBuildFile; fileRef = A07F3CAB288748120061F112 /* OpenSans-ExtraBoldItalic.ttf */; };
		A07F3CC1288748120061F112 /* Poppins-Bold.ttf in Resources */ = {isa = PBXBuildFile; fileRef = A07F3CAC288748120061F112 /* Poppins-Bold.ttf */; };
		A07F3CC2288748120061F112 /* OpenSans-Regular.ttf in Resources */ = {isa = PBXBuildFile; fileRef = A07F3CAD288748120061F112 /* OpenSans-Regular.ttf */; };
		A07F3CC3288748120061F112 /* OpenSans-BoldItalic.ttf in Resources */ = {isa = PBXBuildFile; fileRef = A07F3CAE288748120061F112 /* OpenSans-BoldItalic.ttf */; };
		A07F3CC4288748120061F112 /* Poppins-SemiBold.ttf in Resources */ = {isa = PBXBuildFile; fileRef = A07F3CAF288748120061F112 /* Poppins-SemiBold.ttf */; };
		A07F3CC5288748120061F112 /* Poppins-Italic.ttf in Resources */ = {isa = PBXBuildFile; fileRef = A07F3CB0288748120061F112 /* Poppins-Italic.ttf */; };
		A07F3CC728874ADF0061F112 /* swiftgen.yml in Resources */ = {isa = PBXBuildFile; fileRef = A07F3CC628874ADF0061F112 /* swiftgen.yml */; };
		A07F3CCD288791AC0061F112 /* Coordinator.swift in Sources */ = {isa = PBXBuildFile; fileRef = A07F3CCC288791AC0061F112 /* Coordinator.swift */; };
		A07F3CEA288792190061F112 /* UIStackView+Extension.swift in Sources */ = {isa = PBXBuildFile; fileRef = A07F3CCE288792180061F112 /* UIStackView+Extension.swift */; };
		A07F3CEB288792190061F112 /* UIApplication+Extension.swift in Sources */ = {isa = PBXBuildFile; fileRef = A07F3CCF288792180061F112 /* UIApplication+Extension.swift */; };
		A07F3CEC288792190061F112 /* Encodable+Extension.swift in Sources */ = {isa = PBXBuildFile; fileRef = A07F3CD0288792180061F112 /* Encodable+Extension.swift */; };
		A07F3CEE288792190061F112 /* Date+Extension.swift in Sources */ = {isa = PBXBuildFile; fileRef = A07F3CD2288792180061F112 /* Date+Extension.swift */; };
		A07F3CF0288792190061F112 /* UINavigationController+Extension.swift in Sources */ = {isa = PBXBuildFile; fileRef = A07F3CD4288792180061F112 /* UINavigationController+Extension.swift */; };
		A07F3CF1288792190061F112 /* UIWindow+Extension.swift in Sources */ = {isa = PBXBuildFile; fileRef = A07F3CD5288792180061F112 /* UIWindow+Extension.swift */; };
		A07F3CF2288792190061F112 /* Array+Extension.swift in Sources */ = {isa = PBXBuildFile; fileRef = A07F3CD6288792180061F112 /* Array+Extension.swift */; };
		A07F3CF3288792190061F112 /* NSLayoutYAxisAnchor+Extension.swift in Sources */ = {isa = PBXBuildFile; fileRef = A07F3CD7288792180061F112 /* NSLayoutYAxisAnchor+Extension.swift */; };
		A07F3CF4288792190061F112 /* UIView+Extension.swift in Sources */ = {isa = PBXBuildFile; fileRef = A07F3CD8288792180061F112 /* UIView+Extension.swift */; };
		A07F3CF5288792190061F112 /* UILabel+Extension.swift in Sources */ = {isa = PBXBuildFile; fileRef = A07F3CD9288792180061F112 /* UILabel+Extension.swift */; };
		A07F3CF6288792190061F112 /* URL+Extension.swift in Sources */ = {isa = PBXBuildFile; fileRef = A07F3CDA288792180061F112 /* URL+Extension.swift */; };
		A07F3CF7288792190061F112 /* StringProtocol+Extension.swift in Sources */ = {isa = PBXBuildFile; fileRef = A07F3CDB288792180061F112 /* StringProtocol+Extension.swift */; };
		A07F3CF8288792190061F112 /* UIViewController+Extension.swift in Sources */ = {isa = PBXBuildFile; fileRef = A07F3CDC288792180061F112 /* UIViewController+Extension.swift */; };
		A07F3CF9288792190061F112 /* UserDefaults+Extension.swift in Sources */ = {isa = PBXBuildFile; fileRef = A07F3CDD288792180061F112 /* UserDefaults+Extension.swift */; };
		A07F3CFA288792190061F112 /* UIScrollView+Extension.swift in Sources */ = {isa = PBXBuildFile; fileRef = A07F3CDE288792180061F112 /* UIScrollView+Extension.swift */; };
		A07F3CFC288792190061F112 /* NSLayoutXAxisAnchor+Extension.swift in Sources */ = {isa = PBXBuildFile; fileRef = A07F3CE0288792180061F112 /* NSLayoutXAxisAnchor+Extension.swift */; };
		A07F3CFD288792190061F112 /* DispatchQueue+Extension.swift in Sources */ = {isa = PBXBuildFile; fileRef = A07F3CE1288792180061F112 /* DispatchQueue+Extension.swift */; };
		A07F3CFE288792190061F112 /* String+Extension.swift in Sources */ = {isa = PBXBuildFile; fileRef = A07F3CE2288792180061F112 /* String+Extension.swift */; };
		A07F3CFF288792190061F112 /* UIImage+Extension.swift in Sources */ = {isa = PBXBuildFile; fileRef = A07F3CE3288792180061F112 /* UIImage+Extension.swift */; };
		A07F3D00288792190061F112 /* UIImageView+Extension.swift in Sources */ = {isa = PBXBuildFile; fileRef = A07F3CE4288792190061F112 /* UIImageView+Extension.swift */; };
		A07F3D02288792190061F112 /* UIScreen+Extension.swift in Sources */ = {isa = PBXBuildFile; fileRef = A07F3CE6288792190061F112 /* UIScreen+Extension.swift */; };
		A07F3D03288792190061F112 /* UITextView+Extension.swift in Sources */ = {isa = PBXBuildFile; fileRef = A07F3CE7288792190061F112 /* UITextView+Extension.swift */; };
		A07F3D04288792190061F112 /* Double+Extension.swift in Sources */ = {isa = PBXBuildFile; fileRef = A07F3CE8288792190061F112 /* Double+Extension.swift */; };
		A07F3D05288792190061F112 /* NSMutableAttributedString+Extension.swift in Sources */ = {isa = PBXBuildFile; fileRef = A07F3CE9288792190061F112 /* NSMutableAttributedString+Extension.swift */; };
		A08BB2B6289AC3A5009FCA99 /* ConfigEnvironmentViewModel.swift in Sources */ = {isa = PBXBuildFile; fileRef = A08BB2B0289AC3A5009FCA99 /* ConfigEnvironmentViewModel.swift */; };
		A08BB2B7289AC3A5009FCA99 /* ConfigEnvironmentService.swift in Sources */ = {isa = PBXBuildFile; fileRef = A08BB2B1289AC3A5009FCA99 /* ConfigEnvironmentService.swift */; };
		A08BB2B8289AC3A5009FCA99 /* ConfigEnvironmentCell.swift in Sources */ = {isa = PBXBuildFile; fileRef = A08BB2B3289AC3A5009FCA99 /* ConfigEnvironmentCell.swift */; };
		A08BB2B9289AC3A5009FCA99 /* ConfigEnvironmentViewController.swift in Sources */ = {isa = PBXBuildFile; fileRef = A08BB2B4289AC3A5009FCA99 /* ConfigEnvironmentViewController.swift */; };
		A08BB2BA289AC3A5009FCA99 /* ConfigEnvironmentView.swift in Sources */ = {isa = PBXBuildFile; fileRef = A08BB2B5289AC3A5009FCA99 /* ConfigEnvironmentView.swift */; };
		A0ECE66E2887945D00AFA923 /* AppCoordinator.swift in Sources */ = {isa = PBXBuildFile; fileRef = A07F3D06288793FE0061F112 /* AppCoordinator.swift */; };
		A0ECE671288794DC00AFA923 /* ViewController.swift in Sources */ = {isa = PBXBuildFile; fileRef = A0ECE670288794DC00AFA923 /* ViewController.swift */; };
		A0ECE673288796DB00AFA923 /* View.swift in Sources */ = {isa = PBXBuildFile; fileRef = A0ECE672288796DB00AFA923 /* View.swift */; };
		A0ECE6772887974100AFA923 /* AppNavBarView.swift in Sources */ = {isa = PBXBuildFile; fileRef = A0ECE6762887974100AFA923 /* AppNavBarView.swift */; };
		A0ECE67B2887977700AFA923 /* AppBorderLabel.swift in Sources */ = {isa = PBXBuildFile; fileRef = A0ECE6792887977700AFA923 /* AppBorderLabel.swift */; };
		A0ECE67C2887977700AFA923 /* AppLabel.swift in Sources */ = {isa = PBXBuildFile; fileRef = A0ECE67A2887977700AFA923 /* AppLabel.swift */; };
		A0ECE67F28879BC900AFA923 /* AppNavBarType.swift in Sources */ = {isa = PBXBuildFile; fileRef = A0ECE67E28879BC900AFA923 /* AppNavBarType.swift */; };
		A0ECE68228879E2D00AFA923 /* AppTextField.swift in Sources */ = {isa = PBXBuildFile; fileRef = A0ECE68128879E2D00AFA923 /* AppTextField.swift */; };
		A0ECE68628879F2300AFA923 /* BaseService.swift in Sources */ = {isa = PBXBuildFile; fileRef = A0ECE68328879F2300AFA923 /* BaseService.swift */; };
		A0ECE68728879F2300AFA923 /* Url.swift in Sources */ = {isa = PBXBuildFile; fileRef = A0ECE68428879F2300AFA923 /* Url.swift */; };
		A0ECE68828879F2300AFA923 /* BaseRequestProtocol.swift in Sources */ = {isa = PBXBuildFile; fileRef = A0ECE68528879F2300AFA923 /* BaseRequestProtocol.swift */; };
		A0ECE68A28879F3B00AFA923 /* ServiceManager.swift in Sources */ = {isa = PBXBuildFile; fileRef = A0ECE68928879F3B00AFA923 /* ServiceManager.swift */; };
		A0ECE68C2887A1A400AFA923 /* Storage.swift in Sources */ = {isa = PBXBuildFile; fileRef = A0ECE68B2887A1A400AFA923 /* Storage.swift */; };
		A0ECE68E2887A30A00AFA923 /* ViewModel.swift in Sources */ = {isa = PBXBuildFile; fileRef = A0ECE68D2887A30A00AFA923 /* ViewModel.swift */; };
		A0ECE69A2887A50D00AFA923 /* Main.framework in Frameworks */ = {isa = PBXBuildFile; fileRef = A0ECE6942887A50D00AFA923 /* Main.framework */; };
		A0ECE69B2887A50D00AFA923 /* Main.framework in Embed Frameworks */ = {isa = PBXBuildFile; fileRef = A0ECE6942887A50D00AFA923 /* Main.framework */; settings = {ATTRIBUTES = (CodeSignOnCopy, RemoveHeadersOnCopy, ); }; };
		A0ECE6A92888EAB100AFA923 /* IntrinsicTableView.swift in Sources */ = {isa = PBXBuildFile; fileRef = A0ECE6A82888EAB100AFA923 /* IntrinsicTableView.swift */; };
		A0ECE6C02888ECD500AFA923 /* Core.framework in Frameworks */ = {isa = PBXBuildFile; fileRef = A07F3C762887381F0061F112 /* Core.framework */; };
		A0ECE6C72888F0AB00AFA923 /* MainCoordinator.swift in Sources */ = {isa = PBXBuildFile; fileRef = A0ECE6C62888F0AB00AFA923 /* MainCoordinator.swift */; };
		A38B30D69203F862875698E5 /* Pods_Core.framework in Frameworks */ = {isa = PBXBuildFile; fileRef = A0B44290ADFEEA5543898518 /* Pods_Core.framework */; };
/* End PBXBuildFile section */

/* Begin PBXContainerItemProxy section */
		A07F3C7A2887381F0061F112 /* PBXContainerItemProxy */ = {
			isa = PBXContainerItemProxy;
			containerPortal = A07F3C4A288736200061F112 /* Project object */;
			proxyType = 1;
			remoteGlobalIDString = A07F3C752887381F0061F112;
			remoteInfo = Core;
		};
		A0ECE6982887A50D00AFA923 /* PBXContainerItemProxy */ = {
			isa = PBXContainerItemProxy;
			containerPortal = A07F3C4A288736200061F112 /* Project object */;
			proxyType = 1;
			remoteGlobalIDString = A0ECE6932887A50D00AFA923;
			remoteInfo = Posterr;
		};
		A0ECE6C22888ECD600AFA923 /* PBXContainerItemProxy */ = {
			isa = PBXContainerItemProxy;
			containerPortal = A07F3C4A288736200061F112 /* Project object */;
			proxyType = 1;
			remoteGlobalIDString = A07F3C752887381F0061F112;
			remoteInfo = Core;
		};
/* End PBXContainerItemProxy section */

/* Begin PBXCopyFilesBuildPhase section */
		A07F3C812887381F0061F112 /* Embed Frameworks */ = {
			isa = PBXCopyFilesBuildPhase;
			buildActionMask = 2147483647;
			dstPath = "";
			dstSubfolderSpec = 10;
			files = (
				A0ECE69B2887A50D00AFA923 /* Main.framework in Embed Frameworks */,
				A07F3C7D2887381F0061F112 /* Core.framework in Embed Frameworks */,
			);
			name = "Embed Frameworks";
			runOnlyForDeploymentPostprocessing = 0;
		};
/* End PBXCopyFilesBuildPhase section */

/* Begin PBXFileReference section */
		161294A45C6BB552DC689B66 /* Pods-BaseApplication.debug.xcconfig */ = {isa = PBXFileReference; includeInIndex = 1; lastKnownFileType = text.xcconfig; name = "Pods-BaseApplication.debug.xcconfig"; path = "Target Support Files/Pods-BaseApplication/Pods-BaseApplication.debug.xcconfig"; sourceTree = "<group>"; };
		2764112521BB1750659F40DD /* Pods-Core.debug.xcconfig */ = {isa = PBXFileReference; includeInIndex = 1; lastKnownFileType = text.xcconfig; name = "Pods-Core.debug.xcconfig"; path = "Target Support Files/Pods-Core/Pods-Core.debug.xcconfig"; sourceTree = "<group>"; };
		30B5705635D77B26FE08302B /* Pods_BaseApplication.framework */ = {isa = PBXFileReference; explicitFileType = wrapper.framework; includeInIndex = 0; path = Pods_BaseApplication.framework; sourceTree = BUILT_PRODUCTS_DIR; };
		3F2E08A336D0C2A11C070BAA /* Pods-BaseApplication.release.xcconfig */ = {isa = PBXFileReference; includeInIndex = 1; lastKnownFileType = text.xcconfig; name = "Pods-BaseApplication.release.xcconfig"; path = "Target Support Files/Pods-BaseApplication/Pods-BaseApplication.release.xcconfig"; sourceTree = "<group>"; };
		71C893BBB9CA7698F0EB8192 /* Pods_Main.framework */ = {isa = PBXFileReference; explicitFileType = wrapper.framework; includeInIndex = 0; path = Pods_Main.framework; sourceTree = BUILT_PRODUCTS_DIR; };
		894262CB3DE3ADBF6DFFA1E3 /* Pods-Main.debug.xcconfig */ = {isa = PBXFileReference; includeInIndex = 1; lastKnownFileType = text.xcconfig; name = "Pods-Main.debug.xcconfig"; path = "Target Support Files/Pods-Main/Pods-Main.debug.xcconfig"; sourceTree = "<group>"; };
		A07F3C52288736200061F112 /* BaseApplication.app */ = {isa = PBXFileReference; explicitFileType = wrapper.application; includeInIndex = 0; path = BaseApplication.app; sourceTree = BUILT_PRODUCTS_DIR; };
		A07F3C55288736200061F112 /* AppDelegate.swift */ = {isa = PBXFileReference; lastKnownFileType = sourcecode.swift; path = AppDelegate.swift; sourceTree = "<group>"; };
		A07F3C57288736200061F112 /* SceneDelegate.swift */ = {isa = PBXFileReference; lastKnownFileType = sourcecode.swift; path = SceneDelegate.swift; sourceTree = "<group>"; };
		A07F3C5E288736220061F112 /* Assets.xcassets */ = {isa = PBXFileReference; lastKnownFileType = folder.assetcatalog; path = Assets.xcassets; sourceTree = "<group>"; };
		A07F3C61288736220061F112 /* Base */ = {isa = PBXFileReference; lastKnownFileType = file.storyboard; name = Base; path = Base.lproj/LaunchScreen.storyboard; sourceTree = "<group>"; };
		A07F3C63288736220061F112 /* Info.plist */ = {isa = PBXFileReference; lastKnownFileType = text.plist.xml; path = Info.plist; sourceTree = "<group>"; };
		A07F3C762887381F0061F112 /* Core.framework */ = {isa = PBXFileReference; explicitFileType = wrapper.framework; includeInIndex = 0; path = Core.framework; sourceTree = BUILT_PRODUCTS_DIR; };
		A07F3C87288746EA0061F112 /* Assets.xcassets */ = {isa = PBXFileReference; lastKnownFileType = folder.assetcatalog; path = Assets.xcassets; sourceTree = "<group>"; };
		A07F3C8A288747260061F112 /* Colors.swift */ = {isa = PBXFileReference; fileEncoding = 4; lastKnownFileType = sourcecode.swift; path = Colors.swift; sourceTree = "<group>"; };
		A07F3C8C288747260061F112 /* Assets.swift */ = {isa = PBXFileReference; fileEncoding = 4; lastKnownFileType = sourcecode.swift; path = Assets.swift; sourceTree = "<group>"; };
		A07F3C8E288747260061F112 /* Localizable.strings */ = {isa = PBXFileReference; fileEncoding = 4; lastKnownFileType = text.plist.strings; path = Localizable.strings; sourceTree = "<group>"; };
		A07F3C8F288747260061F112 /* AppStrings.swift */ = {isa = PBXFileReference; fileEncoding = 4; lastKnownFileType = sourcecode.swift; path = AppStrings.swift; sourceTree = "<group>"; };
		A07F3C91288747260061F112 /* FontFamily.swift */ = {isa = PBXFileReference; fileEncoding = 4; lastKnownFileType = sourcecode.swift; path = FontFamily.swift; sourceTree = "<group>"; };
		A07F3C9A288748120061F112 /* colors.txt */ = {isa = PBXFileReference; fileEncoding = 4; lastKnownFileType = text; path = colors.txt; sourceTree = "<group>"; };
		A07F3C9D288748120061F112 /* OpenSans-SemiBold.ttf */ = {isa = PBXFileReference; lastKnownFileType = file; path = "OpenSans-SemiBold.ttf"; sourceTree = "<group>"; };
		A07F3C9E288748120061F112 /* Poppins-BoldItalic.ttf */ = {isa = PBXFileReference; lastKnownFileType = file; path = "Poppins-BoldItalic.ttf"; sourceTree = "<group>"; };
		A07F3C9F288748120061F112 /* Poppins-Light.ttf */ = {isa = PBXFileReference; lastKnownFileType = file; path = "Poppins-Light.ttf"; sourceTree = "<group>"; };
		A07F3CA0288748120061F112 /* OpenSans-Light.ttf */ = {isa = PBXFileReference; lastKnownFileType = file; path = "OpenSans-Light.ttf"; sourceTree = "<group>"; };
		A07F3CA1288748120061F112 /* Poppins-SemiBoldItalic.ttf */ = {isa = PBXFileReference; lastKnownFileType = file; path = "Poppins-SemiBoldItalic.ttf"; sourceTree = "<group>"; };
		A07F3CA2288748120061F112 /* OpenSans-Italic.ttf */ = {isa = PBXFileReference; lastKnownFileType = file; path = "OpenSans-Italic.ttf"; sourceTree = "<group>"; };
		A07F3CA3288748120061F112 /* Poppins-ExtraBoldItalic.ttf */ = {isa = PBXFileReference; lastKnownFileType = file; path = "Poppins-ExtraBoldItalic.ttf"; sourceTree = "<group>"; };
		A07F3CA4288748120061F112 /* Poppins-ExtraBold.ttf */ = {isa = PBXFileReference; lastKnownFileType = file; path = "Poppins-ExtraBold.ttf"; sourceTree = "<group>"; };
		A07F3CA5288748120061F112 /* OpenSans-ExtraBold.ttf */ = {isa = PBXFileReference; lastKnownFileType = file; path = "OpenSans-ExtraBold.ttf"; sourceTree = "<group>"; };
		A07F3CA6288748120061F112 /* OpenSans-LightItalic.ttf */ = {isa = PBXFileReference; lastKnownFileType = file; path = "OpenSans-LightItalic.ttf"; sourceTree = "<group>"; };
		A07F3CA7288748120061F112 /* OpenSans-Bold.ttf */ = {isa = PBXFileReference; lastKnownFileType = file; path = "OpenSans-Bold.ttf"; sourceTree = "<group>"; };
		A07F3CA8288748120061F112 /* Poppins-Regular.ttf */ = {isa = PBXFileReference; lastKnownFileType = file; path = "Poppins-Regular.ttf"; sourceTree = "<group>"; };
		A07F3CA9288748120061F112 /* OpenSans-SemiBoldItalic.ttf */ = {isa = PBXFileReference; lastKnownFileType = file; path = "OpenSans-SemiBoldItalic.ttf"; sourceTree = "<group>"; };
		A07F3CAA288748120061F112 /* Poppins-LightItalic.ttf */ = {isa = PBXFileReference; lastKnownFileType = file; path = "Poppins-LightItalic.ttf"; sourceTree = "<group>"; };
		A07F3CAB288748120061F112 /* OpenSans-ExtraBoldItalic.ttf */ = {isa = PBXFileReference; lastKnownFileType = file; path = "OpenSans-ExtraBoldItalic.ttf"; sourceTree = "<group>"; };
		A07F3CAC288748120061F112 /* Poppins-Bold.ttf */ = {isa = PBXFileReference; lastKnownFileType = file; path = "Poppins-Bold.ttf"; sourceTree = "<group>"; };
		A07F3CAD288748120061F112 /* OpenSans-Regular.ttf */ = {isa = PBXFileReference; lastKnownFileType = file; path = "OpenSans-Regular.ttf"; sourceTree = "<group>"; };
		A07F3CAE288748120061F112 /* OpenSans-BoldItalic.ttf */ = {isa = PBXFileReference; lastKnownFileType = file; path = "OpenSans-BoldItalic.ttf"; sourceTree = "<group>"; };
		A07F3CAF288748120061F112 /* Poppins-SemiBold.ttf */ = {isa = PBXFileReference; lastKnownFileType = file; path = "Poppins-SemiBold.ttf"; sourceTree = "<group>"; };
		A07F3CB0288748120061F112 /* Poppins-Italic.ttf */ = {isa = PBXFileReference; lastKnownFileType = file; path = "Poppins-Italic.ttf"; sourceTree = "<group>"; };
		A07F3CC628874ADF0061F112 /* swiftgen.yml */ = {isa = PBXFileReference; fileEncoding = 4; lastKnownFileType = text.yaml; path = swiftgen.yml; sourceTree = "<group>"; };
		A07F3CCC288791AC0061F112 /* Coordinator.swift */ = {isa = PBXFileReference; lastKnownFileType = sourcecode.swift; path = Coordinator.swift; sourceTree = "<group>"; };
		A07F3CCE288792180061F112 /* UIStackView+Extension.swift */ = {isa = PBXFileReference; fileEncoding = 4; lastKnownFileType = sourcecode.swift; path = "UIStackView+Extension.swift"; sourceTree = "<group>"; };
		A07F3CCF288792180061F112 /* UIApplication+Extension.swift */ = {isa = PBXFileReference; fileEncoding = 4; lastKnownFileType = sourcecode.swift; path = "UIApplication+Extension.swift"; sourceTree = "<group>"; };
		A07F3CD0288792180061F112 /* Encodable+Extension.swift */ = {isa = PBXFileReference; fileEncoding = 4; lastKnownFileType = sourcecode.swift; path = "Encodable+Extension.swift"; sourceTree = "<group>"; };
		A07F3CD2288792180061F112 /* Date+Extension.swift */ = {isa = PBXFileReference; fileEncoding = 4; lastKnownFileType = sourcecode.swift; path = "Date+Extension.swift"; sourceTree = "<group>"; };
		A07F3CD4288792180061F112 /* UINavigationController+Extension.swift */ = {isa = PBXFileReference; fileEncoding = 4; lastKnownFileType = sourcecode.swift; path = "UINavigationController+Extension.swift"; sourceTree = "<group>"; };
		A07F3CD5288792180061F112 /* UIWindow+Extension.swift */ = {isa = PBXFileReference; fileEncoding = 4; lastKnownFileType = sourcecode.swift; path = "UIWindow+Extension.swift"; sourceTree = "<group>"; };
		A07F3CD6288792180061F112 /* Array+Extension.swift */ = {isa = PBXFileReference; fileEncoding = 4; lastKnownFileType = sourcecode.swift; path = "Array+Extension.swift"; sourceTree = "<group>"; };
		A07F3CD7288792180061F112 /* NSLayoutYAxisAnchor+Extension.swift */ = {isa = PBXFileReference; fileEncoding = 4; lastKnownFileType = sourcecode.swift; path = "NSLayoutYAxisAnchor+Extension.swift"; sourceTree = "<group>"; };
		A07F3CD8288792180061F112 /* UIView+Extension.swift */ = {isa = PBXFileReference; fileEncoding = 4; lastKnownFileType = sourcecode.swift; path = "UIView+Extension.swift"; sourceTree = "<group>"; };
		A07F3CD9288792180061F112 /* UILabel+Extension.swift */ = {isa = PBXFileReference; fileEncoding = 4; lastKnownFileType = sourcecode.swift; path = "UILabel+Extension.swift"; sourceTree = "<group>"; };
		A07F3CDA288792180061F112 /* URL+Extension.swift */ = {isa = PBXFileReference; fileEncoding = 4; lastKnownFileType = sourcecode.swift; path = "URL+Extension.swift"; sourceTree = "<group>"; };
		A07F3CDB288792180061F112 /* StringProtocol+Extension.swift */ = {isa = PBXFileReference; fileEncoding = 4; lastKnownFileType = sourcecode.swift; path = "StringProtocol+Extension.swift"; sourceTree = "<group>"; };
		A07F3CDC288792180061F112 /* UIViewController+Extension.swift */ = {isa = PBXFileReference; fileEncoding = 4; lastKnownFileType = sourcecode.swift; path = "UIViewController+Extension.swift"; sourceTree = "<group>"; };
		A07F3CDD288792180061F112 /* UserDefaults+Extension.swift */ = {isa = PBXFileReference; fileEncoding = 4; lastKnownFileType = sourcecode.swift; path = "UserDefaults+Extension.swift"; sourceTree = "<group>"; };
		A07F3CDE288792180061F112 /* UIScrollView+Extension.swift */ = {isa = PBXFileReference; fileEncoding = 4; lastKnownFileType = sourcecode.swift; path = "UIScrollView+Extension.swift"; sourceTree = "<group>"; };
		A07F3CE0288792180061F112 /* NSLayoutXAxisAnchor+Extension.swift */ = {isa = PBXFileReference; fileEncoding = 4; lastKnownFileType = sourcecode.swift; path = "NSLayoutXAxisAnchor+Extension.swift"; sourceTree = "<group>"; };
		A07F3CE1288792180061F112 /* DispatchQueue+Extension.swift */ = {isa = PBXFileReference; fileEncoding = 4; lastKnownFileType = sourcecode.swift; path = "DispatchQueue+Extension.swift"; sourceTree = "<group>"; };
		A07F3CE2288792180061F112 /* String+Extension.swift */ = {isa = PBXFileReference; fileEncoding = 4; lastKnownFileType = sourcecode.swift; path = "String+Extension.swift"; sourceTree = "<group>"; };
		A07F3CE3288792180061F112 /* UIImage+Extension.swift */ = {isa = PBXFileReference; fileEncoding = 4; lastKnownFileType = sourcecode.swift; path = "UIImage+Extension.swift"; sourceTree = "<group>"; };
		A07F3CE4288792190061F112 /* UIImageView+Extension.swift */ = {isa = PBXFileReference; fileEncoding = 4; lastKnownFileType = sourcecode.swift; path = "UIImageView+Extension.swift"; sourceTree = "<group>"; };
		A07F3CE6288792190061F112 /* UIScreen+Extension.swift */ = {isa = PBXFileReference; fileEncoding = 4; lastKnownFileType = sourcecode.swift; path = "UIScreen+Extension.swift"; sourceTree = "<group>"; };
		A07F3CE7288792190061F112 /* UITextView+Extension.swift */ = {isa = PBXFileReference; fileEncoding = 4; lastKnownFileType = sourcecode.swift; path = "UITextView+Extension.swift"; sourceTree = "<group>"; };
		A07F3CE8288792190061F112 /* Double+Extension.swift */ = {isa = PBXFileReference; fileEncoding = 4; lastKnownFileType = sourcecode.swift; path = "Double+Extension.swift"; sourceTree = "<group>"; };
		A07F3CE9288792190061F112 /* NSMutableAttributedString+Extension.swift */ = {isa = PBXFileReference; fileEncoding = 4; lastKnownFileType = sourcecode.swift; path = "NSMutableAttributedString+Extension.swift"; sourceTree = "<group>"; };
		A07F3D06288793FE0061F112 /* AppCoordinator.swift */ = {isa = PBXFileReference; fileEncoding = 4; lastKnownFileType = sourcecode.swift; path = AppCoordinator.swift; sourceTree = "<group>"; };
		A08BB2B0289AC3A5009FCA99 /* ConfigEnvironmentViewModel.swift */ = {isa = PBXFileReference; fileEncoding = 4; lastKnownFileType = sourcecode.swift; path = ConfigEnvironmentViewModel.swift; sourceTree = "<group>"; };
		A08BB2B1289AC3A5009FCA99 /* ConfigEnvironmentService.swift */ = {isa = PBXFileReference; fileEncoding = 4; lastKnownFileType = sourcecode.swift; path = ConfigEnvironmentService.swift; sourceTree = "<group>"; };
		A08BB2B3289AC3A5009FCA99 /* ConfigEnvironmentCell.swift */ = {isa = PBXFileReference; fileEncoding = 4; lastKnownFileType = sourcecode.swift; path = ConfigEnvironmentCell.swift; sourceTree = "<group>"; };
		A08BB2B4289AC3A5009FCA99 /* ConfigEnvironmentViewController.swift */ = {isa = PBXFileReference; fileEncoding = 4; lastKnownFileType = sourcecode.swift; path = ConfigEnvironmentViewController.swift; sourceTree = "<group>"; };
		A08BB2B5289AC3A5009FCA99 /* ConfigEnvironmentView.swift */ = {isa = PBXFileReference; fileEncoding = 4; lastKnownFileType = sourcecode.swift; path = ConfigEnvironmentView.swift; sourceTree = "<group>"; };
		A0B44290ADFEEA5543898518 /* Pods_Core.framework */ = {isa = PBXFileReference; explicitFileType = wrapper.framework; includeInIndex = 0; path = Pods_Core.framework; sourceTree = BUILT_PRODUCTS_DIR; };
		A0ECE670288794DC00AFA923 /* ViewController.swift */ = {isa = PBXFileReference; fileEncoding = 4; lastKnownFileType = sourcecode.swift; path = ViewController.swift; sourceTree = "<group>"; };
		A0ECE672288796DB00AFA923 /* View.swift */ = {isa = PBXFileReference; lastKnownFileType = sourcecode.swift; path = View.swift; sourceTree = "<group>"; };
		A0ECE6762887974100AFA923 /* AppNavBarView.swift */ = {isa = PBXFileReference; fileEncoding = 4; lastKnownFileType = sourcecode.swift; path = AppNavBarView.swift; sourceTree = "<group>"; };
		A0ECE6792887977700AFA923 /* AppBorderLabel.swift */ = {isa = PBXFileReference; fileEncoding = 4; lastKnownFileType = sourcecode.swift; path = AppBorderLabel.swift; sourceTree = "<group>"; };
		A0ECE67A2887977700AFA923 /* AppLabel.swift */ = {isa = PBXFileReference; fileEncoding = 4; lastKnownFileType = sourcecode.swift; path = AppLabel.swift; sourceTree = "<group>"; };
		A0ECE67E28879BC900AFA923 /* AppNavBarType.swift */ = {isa = PBXFileReference; lastKnownFileType = sourcecode.swift; path = AppNavBarType.swift; sourceTree = "<group>"; };
		A0ECE68128879E2D00AFA923 /* AppTextField.swift */ = {isa = PBXFileReference; fileEncoding = 4; lastKnownFileType = sourcecode.swift; path = AppTextField.swift; sourceTree = "<group>"; };
		A0ECE68328879F2300AFA923 /* BaseService.swift */ = {isa = PBXFileReference; fileEncoding = 4; lastKnownFileType = sourcecode.swift; path = BaseService.swift; sourceTree = "<group>"; };
		A0ECE68428879F2300AFA923 /* Url.swift */ = {isa = PBXFileReference; fileEncoding = 4; lastKnownFileType = sourcecode.swift; path = Url.swift; sourceTree = "<group>"; };
		A0ECE68528879F2300AFA923 /* BaseRequestProtocol.swift */ = {isa = PBXFileReference; fileEncoding = 4; lastKnownFileType = sourcecode.swift; path = BaseRequestProtocol.swift; sourceTree = "<group>"; };
		A0ECE68928879F3B00AFA923 /* ServiceManager.swift */ = {isa = PBXFileReference; fileEncoding = 4; lastKnownFileType = sourcecode.swift; path = ServiceManager.swift; sourceTree = "<group>"; };
		A0ECE68B2887A1A400AFA923 /* Storage.swift */ = {isa = PBXFileReference; lastKnownFileType = sourcecode.swift; path = Storage.swift; sourceTree = "<group>"; };
		A0ECE68D2887A30A00AFA923 /* ViewModel.swift */ = {isa = PBXFileReference; lastKnownFileType = sourcecode.swift; path = ViewModel.swift; sourceTree = "<group>"; };
		A0ECE6942887A50D00AFA923 /* Main.framework */ = {isa = PBXFileReference; explicitFileType = wrapper.framework; includeInIndex = 0; path = Main.framework; sourceTree = BUILT_PRODUCTS_DIR; };
		A0ECE6A82888EAB100AFA923 /* IntrinsicTableView.swift */ = {isa = PBXFileReference; fileEncoding = 4; lastKnownFileType = sourcecode.swift; path = IntrinsicTableView.swift; sourceTree = "<group>"; };
		A0ECE6C62888F0AB00AFA923 /* MainCoordinator.swift */ = {isa = PBXFileReference; lastKnownFileType = sourcecode.swift; path = MainCoordinator.swift; sourceTree = "<group>"; };
		A792E2BF7C662EF78224F414 /* Pods-Main.release.xcconfig */ = {isa = PBXFileReference; includeInIndex = 1; lastKnownFileType = text.xcconfig; name = "Pods-Main.release.xcconfig"; path = "Target Support Files/Pods-Main/Pods-Main.release.xcconfig"; sourceTree = "<group>"; };
		B5A4B6193EB062EFA037E541 /* Pods-Core.release.xcconfig */ = {isa = PBXFileReference; includeInIndex = 1; lastKnownFileType = text.xcconfig; name = "Pods-Core.release.xcconfig"; path = "Target Support Files/Pods-Core/Pods-Core.release.xcconfig"; sourceTree = "<group>"; };
/* End PBXFileReference section */

/* Begin PBXFrameworksBuildPhase section */
		A07F3C4F288736200061F112 /* Frameworks */ = {
			isa = PBXFrameworksBuildPhase;
			buildActionMask = 2147483647;
			files = (
				A0ECE69A2887A50D00AFA923 /* Main.framework in Frameworks */,
				A07F3C7C2887381F0061F112 /* Core.framework in Frameworks */,
				5A29067AB082F5A842783289 /* Pods_BaseApplication.framework in Frameworks */,
			);
			runOnlyForDeploymentPostprocessing = 0;
		};
		A07F3C732887381F0061F112 /* Frameworks */ = {
			isa = PBXFrameworksBuildPhase;
			buildActionMask = 2147483647;
			files = (
				A38B30D69203F862875698E5 /* Pods_Core.framework in Frameworks */,
			);
			runOnlyForDeploymentPostprocessing = 0;
		};
		A0ECE6912887A50D00AFA923 /* Frameworks */ = {
			isa = PBXFrameworksBuildPhase;
			buildActionMask = 2147483647;
			files = (
				A0ECE6C02888ECD500AFA923 /* Core.framework in Frameworks */,
				205E1F01DE7DFA26AB2E5908 /* Pods_Main.framework in Frameworks */,
			);
			runOnlyForDeploymentPostprocessing = 0;
		};
/* End PBXFrameworksBuildPhase section */

/* Begin PBXGroup section */
		6525FE34CE56C9E77200743C /* Pods */ = {
			isa = PBXGroup;
			children = (
				161294A45C6BB552DC689B66 /* Pods-BaseApplication.debug.xcconfig */,
				3F2E08A336D0C2A11C070BAA /* Pods-BaseApplication.release.xcconfig */,
				2764112521BB1750659F40DD /* Pods-Core.debug.xcconfig */,
				B5A4B6193EB062EFA037E541 /* Pods-Core.release.xcconfig */,
				894262CB3DE3ADBF6DFFA1E3 /* Pods-Main.debug.xcconfig */,
				A792E2BF7C662EF78224F414 /* Pods-Main.release.xcconfig */,
			);
			path = Pods;
			sourceTree = "<group>";
		};
		A07F3C49288736200061F112 = {
			isa = PBXGroup;
			children = (
				A07F3C54288736200061F112 /* BaseApplication */,
				A07F3C772887381F0061F112 /* Core */,
				A0ECE6952887A50D00AFA923 /* Main */,
				6525FE34CE56C9E77200743C /* Pods */,
				A07F3C53288736200061F112 /* Products */,
				A07F3CC628874ADF0061F112 /* swiftgen.yml */,
				A8BE8E6C392C2060925E881D /* Frameworks */,
			);
			sourceTree = "<group>";
		};
		A07F3C53288736200061F112 /* Products */ = {
			isa = PBXGroup;
			children = (
				A07F3C52288736200061F112 /* BaseApplication.app */,
				A07F3C762887381F0061F112 /* Core.framework */,
				A0ECE6942887A50D00AFA923 /* Main.framework */,
			);
			name = Products;
			sourceTree = "<group>";
		};
		A07F3C54288736200061F112 /* BaseApplication */ = {
			isa = PBXGroup;
			children = (
				A07F3C55288736200061F112 /* AppDelegate.swift */,
				A0ECE66F2887946000AFA923 /* Coordinator */,
				A07F3C57288736200061F112 /* SceneDelegate.swift */,
				A07F3C5E288736220061F112 /* Assets.xcassets */,
				A07F3C60288736220061F112 /* LaunchScreen.storyboard */,
				A07F3C63288736220061F112 /* Info.plist */,
			);
			path = BaseApplication;
			sourceTree = "<group>";
		};
		A07F3C6A2887376C0061F112 /* View */ = {
			isa = PBXGroup;
			children = (
				A0ECE672288796DB00AFA923 /* View.swift */,
			);
			path = View;
			sourceTree = "<group>";
		};
		A07F3C6B2887379B0061F112 /* Storage */ = {
			isa = PBXGroup;
			children = (
				A0ECE68B2887A1A400AFA923 /* Storage.swift */,
			);
			path = Storage;
			sourceTree = "<group>";
		};
		A07F3C6D288737BE0061F112 /* Extensions */ = {
			isa = PBXGroup;
			children = (
				A07F3CD6288792180061F112 /* Array+Extension.swift */,
				A07F3CD2288792180061F112 /* Date+Extension.swift */,
				A07F3CE1288792180061F112 /* DispatchQueue+Extension.swift */,
				A07F3CE8288792190061F112 /* Double+Extension.swift */,
				A07F3CD0288792180061F112 /* Encodable+Extension.swift */,
				A07F3CE0288792180061F112 /* NSLayoutXAxisAnchor+Extension.swift */,
				A07F3CD7288792180061F112 /* NSLayoutYAxisAnchor+Extension.swift */,
				A07F3CE9288792190061F112 /* NSMutableAttributedString+Extension.swift */,
				A07F3CE2288792180061F112 /* String+Extension.swift */,
				A07F3CDB288792180061F112 /* StringProtocol+Extension.swift */,
				A07F3CCF288792180061F112 /* UIApplication+Extension.swift */,
				A07F3CE3288792180061F112 /* UIImage+Extension.swift */,
				A07F3CE4288792190061F112 /* UIImageView+Extension.swift */,
				A07F3CD9288792180061F112 /* UILabel+Extension.swift */,
				A07F3CD4288792180061F112 /* UINavigationController+Extension.swift */,
				A07F3CE6288792190061F112 /* UIScreen+Extension.swift */,
				A07F3CDE288792180061F112 /* UIScrollView+Extension.swift */,
				A07F3CCE288792180061F112 /* UIStackView+Extension.swift */,
				A07F3CE7288792190061F112 /* UITextView+Extension.swift */,
				A07F3CD8288792180061F112 /* UIView+Extension.swift */,
				A07F3CDC288792180061F112 /* UIViewController+Extension.swift */,
				A07F3CD5288792180061F112 /* UIWindow+Extension.swift */,
				A07F3CDA288792180061F112 /* URL+Extension.swift */,
				A07F3CDD288792180061F112 /* UserDefaults+Extension.swift */,
			);
			path = Extensions;
			sourceTree = "<group>";
		};
		A07F3C6E288737C60061F112 /* Coordinator */ = {
			isa = PBXGroup;
			children = (
				A07F3CCC288791AC0061F112 /* Coordinator.swift */,
			);
			path = Coordinator;
			sourceTree = "<group>";
		};
		A07F3C6F288737D50061F112 /* ViewController */ = {
			isa = PBXGroup;
			children = (
				A0ECE670288794DC00AFA923 /* ViewController.swift */,
			);
			path = ViewController;
			sourceTree = "<group>";
		};
		A07F3C70288737FE0061F112 /* Resources */ = {
			isa = PBXGroup;
			children = (
				A07F3C99288748120061F112 /* Colors */,
				A07F3C9B288748120061F112 /* Fonts */,
				A07F3C86288746800061F112 /* SwiftGen */,
				A07F3C87288746EA0061F112 /* Assets.xcassets */,
			);
			path = Resources;
			sourceTree = "<group>";
		};
		A07F3C772887381F0061F112 /* Core */ = {
			isa = PBXGroup;
			children = (
				A0ECE67D28879BBA00AFA923 /* Enum */,
				A0ECE6742887973000AFA923 /* Components */,
				A07F3C6E288737C60061F112 /* Coordinator */,
				A07F3C6D288737BE0061F112 /* Extensions */,
				A07F3C8328873EBD0061F112 /* Networking */,
				A07F3C70288737FE0061F112 /* Resources */,
				A07F3C6B2887379B0061F112 /* Storage */,
				A07F3C6A2887376C0061F112 /* View */,
				A07F3C6F288737D50061F112 /* ViewController */,
				A07F3C8228873EA60061F112 /* ViewModel */,
			);
			path = Core;
			sourceTree = "<group>";
		};
		A07F3C8228873EA60061F112 /* ViewModel */ = {
			isa = PBXGroup;
			children = (
				A0ECE68D2887A30A00AFA923 /* ViewModel.swift */,
			);
			path = ViewModel;
			sourceTree = "<group>";
		};
		A07F3C8328873EBD0061F112 /* Networking */ = {
			isa = PBXGroup;
			children = (
				A0ECE68928879F3B00AFA923 /* ServiceManager.swift */,
				A0ECE68528879F2300AFA923 /* BaseRequestProtocol.swift */,
				A0ECE68328879F2300AFA923 /* BaseService.swift */,
				A0ECE68428879F2300AFA923 /* Url.swift */,
			);
			path = Networking;
			sourceTree = "<group>";
		};
		A07F3C86288746800061F112 /* SwiftGen */ = {
			isa = PBXGroup;
			children = (
				A07F3C8B288747260061F112 /* Assets */,
				A07F3C89288747260061F112 /* Colors */,
				A07F3C90288747260061F112 /* Fonts */,
				A07F3C8D288747260061F112 /* Strings */,
			);
			path = SwiftGen;
			sourceTree = "<group>";
		};
		A07F3C89288747260061F112 /* Colors */ = {
			isa = PBXGroup;
			children = (
				A07F3C8A288747260061F112 /* Colors.swift */,
			);
			path = Colors;
			sourceTree = "<group>";
		};
		A07F3C8B288747260061F112 /* Assets */ = {
			isa = PBXGroup;
			children = (
				A07F3C8C288747260061F112 /* Assets.swift */,
			);
			path = Assets;
			sourceTree = "<group>";
		};
		A07F3C8D288747260061F112 /* Strings */ = {
			isa = PBXGroup;
			children = (
				A07F3C8E288747260061F112 /* Localizable.strings */,
				A07F3C8F288747260061F112 /* AppStrings.swift */,
			);
			path = Strings;
			sourceTree = "<group>";
		};
		A07F3C90288747260061F112 /* Fonts */ = {
			isa = PBXGroup;
			children = (
				A07F3C91288747260061F112 /* FontFamily.swift */,
			);
			path = Fonts;
			sourceTree = "<group>";
		};
		A07F3C99288748120061F112 /* Colors */ = {
			isa = PBXGroup;
			children = (
				A07F3C9A288748120061F112 /* colors.txt */,
			);
			path = Colors;
			sourceTree = "<group>";
		};
		A07F3C9B288748120061F112 /* Fonts */ = {
			isa = PBXGroup;
			children = (
				A07F3C9C288748120061F112 /* OpenSans */,
			);
			path = Fonts;
			sourceTree = "<group>";
		};
		A07F3C9C288748120061F112 /* OpenSans */ = {
			isa = PBXGroup;
			children = (
				A07F3C9D288748120061F112 /* OpenSans-SemiBold.ttf */,
				A07F3C9E288748120061F112 /* Poppins-BoldItalic.ttf */,
				A07F3C9F288748120061F112 /* Poppins-Light.ttf */,
				A07F3CA0288748120061F112 /* OpenSans-Light.ttf */,
				A07F3CA1288748120061F112 /* Poppins-SemiBoldItalic.ttf */,
				A07F3CA2288748120061F112 /* OpenSans-Italic.ttf */,
				A07F3CA3288748120061F112 /* Poppins-ExtraBoldItalic.ttf */,
				A07F3CA4288748120061F112 /* Poppins-ExtraBold.ttf */,
				A07F3CA5288748120061F112 /* OpenSans-ExtraBold.ttf */,
				A07F3CA6288748120061F112 /* OpenSans-LightItalic.ttf */,
				A07F3CA7288748120061F112 /* OpenSans-Bold.ttf */,
				A07F3CA8288748120061F112 /* Poppins-Regular.ttf */,
				A07F3CA9288748120061F112 /* OpenSans-SemiBoldItalic.ttf */,
				A07F3CAA288748120061F112 /* Poppins-LightItalic.ttf */,
				A07F3CAB288748120061F112 /* OpenSans-ExtraBoldItalic.ttf */,
				A07F3CAC288748120061F112 /* Poppins-Bold.ttf */,
				A07F3CAD288748120061F112 /* OpenSans-Regular.ttf */,
				A07F3CAE288748120061F112 /* OpenSans-BoldItalic.ttf */,
				A07F3CAF288748120061F112 /* Poppins-SemiBold.ttf */,
				A07F3CB0288748120061F112 /* Poppins-Italic.ttf */,
			);
			path = OpenSans;
			sourceTree = "<group>";
		};
		A08BB2AF289AC3A5009FCA99 /* ConfigEnvironment */ = {
			isa = PBXGroup;
			children = (
				A08BB2B0289AC3A5009FCA99 /* ConfigEnvironmentViewModel.swift */,
				A08BB2B1289AC3A5009FCA99 /* ConfigEnvironmentService.swift */,
				A08BB2B2289AC3A5009FCA99 /* Cell */,
				A08BB2B4289AC3A5009FCA99 /* ConfigEnvironmentViewController.swift */,
				A08BB2B5289AC3A5009FCA99 /* ConfigEnvironmentView.swift */,
			);
			path = ConfigEnvironment;
			sourceTree = "<group>";
		};
		A08BB2B2289AC3A5009FCA99 /* Cell */ = {
			isa = PBXGroup;
			children = (
				A08BB2B3289AC3A5009FCA99 /* ConfigEnvironmentCell.swift */,
			);
			path = Cell;
			sourceTree = "<group>";
		};
		A0ECE66F2887946000AFA923 /* Coordinator */ = {
			isa = PBXGroup;
			children = (
				A07F3D06288793FE0061F112 /* AppCoordinator.swift */,
			);
			path = Coordinator;
			sourceTree = "<group>";
		};
		A0ECE6742887973000AFA923 /* Components */ = {
			isa = PBXGroup;
			children = (
				A0ECE6A72888EAB100AFA923 /* TableView */,
				A0ECE68028879E2000AFA923 /* TextField */,
				A0ECE6782887977700AFA923 /* Label */,
				A0ECE6752887973500AFA923 /* Navigation */,
			);
			path = Components;
			sourceTree = "<group>";
		};
		A0ECE6752887973500AFA923 /* Navigation */ = {
			isa = PBXGroup;
			children = (
				A0ECE6762887974100AFA923 /* AppNavBarView.swift */,
			);
			path = Navigation;
			sourceTree = "<group>";
		};
		A0ECE6782887977700AFA923 /* Label */ = {
			isa = PBXGroup;
			children = (
				A0ECE6792887977700AFA923 /* AppBorderLabel.swift */,
				A0ECE67A2887977700AFA923 /* AppLabel.swift */,
			);
			path = Label;
			sourceTree = "<group>";
		};
		A0ECE67D28879BBA00AFA923 /* Enum */ = {
			isa = PBXGroup;
			children = (
				A0ECE67E28879BC900AFA923 /* AppNavBarType.swift */,
			);
			path = Enum;
			sourceTree = "<group>";
		};
		A0ECE68028879E2000AFA923 /* TextField */ = {
			isa = PBXGroup;
			children = (
				A0ECE68128879E2D00AFA923 /* AppTextField.swift */,
			);
			path = TextField;
			sourceTree = "<group>";
		};
		A0ECE6952887A50D00AFA923 /* Main */ = {
			isa = PBXGroup;
			children = (
				A0ECE6C52888F09C00AFA923 /* Coordinator */,
				A0ECE69F2887A52300AFA923 /* Scenes */,
			);
			path = Main;
			sourceTree = "<group>";
		};
		A0ECE69F2887A52300AFA923 /* Scenes */ = {
			isa = PBXGroup;
			children = (
				A08BB2AF289AC3A5009FCA99 /* ConfigEnvironment */,
			);
			path = Scenes;
			sourceTree = "<group>";
		};
		A0ECE6A72888EAB100AFA923 /* TableView */ = {
			isa = PBXGroup;
			children = (
				A0ECE6A82888EAB100AFA923 /* IntrinsicTableView.swift */,
			);
			path = TableView;
			sourceTree = "<group>";
		};
		A0ECE6C52888F09C00AFA923 /* Coordinator */ = {
			isa = PBXGroup;
			children = (
				A0ECE6C62888F0AB00AFA923 /* MainCoordinator.swift */,
			);
			path = Coordinator;
			sourceTree = "<group>";
		};
		A8BE8E6C392C2060925E881D /* Frameworks */ = {
			isa = PBXGroup;
			children = (
				30B5705635D77B26FE08302B /* Pods_BaseApplication.framework */,
				A0B44290ADFEEA5543898518 /* Pods_Core.framework */,
				71C893BBB9CA7698F0EB8192 /* Pods_Main.framework */,
			);
			name = Frameworks;
			sourceTree = "<group>";
		};
/* End PBXGroup section */

/* Begin PBXHeadersBuildPhase section */
		A07F3C712887381F0061F112 /* Headers */ = {
			isa = PBXHeadersBuildPhase;
			buildActionMask = 2147483647;
			files = (
			);
			runOnlyForDeploymentPostprocessing = 0;
		};
		A0ECE68F2887A50D00AFA923 /* Headers */ = {
			isa = PBXHeadersBuildPhase;
			buildActionMask = 2147483647;
			files = (
			);
			runOnlyForDeploymentPostprocessing = 0;
		};
/* End PBXHeadersBuildPhase section */

/* Begin PBXNativeTarget section */
		A07F3C51288736200061F112 /* BaseApplication */ = {
			isa = PBXNativeTarget;
			buildConfigurationList = A07F3C66288736220061F112 /* Build configuration list for PBXNativeTarget "BaseApplication" */;
			buildPhases = (
				68498EDE8367A84894386774 /* [CP] Check Pods Manifest.lock */,
				A07F3C4E288736200061F112 /* Sources */,
				A07F3C4F288736200061F112 /* Frameworks */,
				A07F3C50288736200061F112 /* Resources */,
				A07F3C812887381F0061F112 /* Embed Frameworks */,
				A07F3CC8288754AE0061F112 /* SwiftLint */,
				7EA1387F97AEA91715597698 /* [CP] Embed Pods Frameworks */,
			);
			buildRules = (
			);
			dependencies = (
				A07F3C7B2887381F0061F112 /* PBXTargetDependency */,
				A0ECE6992887A50D00AFA923 /* PBXTargetDependency */,
			);
			name = BaseApplication;
			productName = BoilerPlate;
			productReference = A07F3C52288736200061F112 /* BaseApplication.app */;
			productType = "com.apple.product-type.application";
		};
		A07F3C752887381F0061F112 /* Core */ = {
			isa = PBXNativeTarget;
			buildConfigurationList = A07F3C7E2887381F0061F112 /* Build configuration list for PBXNativeTarget "Core" */;
			buildPhases = (
				0F8D08F8EDABB573A875664B /* [CP] Check Pods Manifest.lock */,
				A07F3C712887381F0061F112 /* Headers */,
				A07F3C722887381F0061F112 /* Sources */,
				A07F3C732887381F0061F112 /* Frameworks */,
				A07F3C742887381F0061F112 /* Resources */,
				A07F3CC9288754CE0061F112 /* SwiftGen */,
			);
			buildRules = (
			);
			dependencies = (
			);
			name = Core;
			productName = Core;
			productReference = A07F3C762887381F0061F112 /* Core.framework */;
			productType = "com.apple.product-type.framework";
		};
		A0ECE6932887A50D00AFA923 /* Main */ = {
			isa = PBXNativeTarget;
			buildConfigurationList = A0ECE69E2887A50D00AFA923 /* Build configuration list for PBXNativeTarget "Main" */;
			buildPhases = (
				00F7B6A4B5B6596045B10B23 /* [CP] Check Pods Manifest.lock */,
				A0ECE68F2887A50D00AFA923 /* Headers */,
				A0ECE6902887A50D00AFA923 /* Sources */,
				A0ECE6912887A50D00AFA923 /* Frameworks */,
				A0ECE6922887A50D00AFA923 /* Resources */,
			);
			buildRules = (
			);
			dependencies = (
				A0ECE6C32888ECD600AFA923 /* PBXTargetDependency */,
			);
			name = Main;
			productName = Posterr;
			productReference = A0ECE6942887A50D00AFA923 /* Main.framework */;
			productType = "com.apple.product-type.framework";
		};
/* End PBXNativeTarget section */

/* Begin PBXProject section */
		A07F3C4A288736200061F112 /* Project object */ = {
			isa = PBXProject;
			attributes = {
				BuildIndependentTargetsInParallel = 1;
				LastSwiftUpdateCheck = 1300;
				LastUpgradeCheck = 1300;
				TargetAttributes = {
					A07F3C51288736200061F112 = {
						CreatedOnToolsVersion = 13.0;
					};
					A07F3C752887381F0061F112 = {
						CreatedOnToolsVersion = 13.0;
					};
					A0ECE6932887A50D00AFA923 = {
						CreatedOnToolsVersion = 13.0;
						LastSwiftMigration = 1300;
					};
				};
			};
			buildConfigurationList = A07F3C4D288736200061F112 /* Build configuration list for PBXProject "BaseApplication" */;
			compatibilityVersion = "Xcode 13.0";
			developmentRegion = en;
			hasScannedForEncodings = 0;
			knownRegions = (
				en,
				Base,
			);
			mainGroup = A07F3C49288736200061F112;
			productRefGroup = A07F3C53288736200061F112 /* Products */;
			projectDirPath = "";
			projectRoot = "";
			targets = (
				A07F3C51288736200061F112 /* BaseApplication */,
				A07F3C752887381F0061F112 /* Core */,
				A0ECE6932887A50D00AFA923 /* Main */,
			);
		};
/* End PBXProject section */

/* Begin PBXResourcesBuildPhase section */
		A07F3C50288736200061F112 /* Resources */ = {
			isa = PBXResourcesBuildPhase;
			buildActionMask = 2147483647;
			files = (
				A07F3C62288736220061F112 /* LaunchScreen.storyboard in Resources */,
				A07F3C5F288736220061F112 /* Assets.xcassets in Resources */,
			);
			runOnlyForDeploymentPostprocessing = 0;
		};
		A07F3C742887381F0061F112 /* Resources */ = {
			isa = PBXResourcesBuildPhase;
			buildActionMask = 2147483647;
			files = (
				A07F3CBF288748120061F112 /* Poppins-LightItalic.ttf in Resources */,
				A07F3CC0288748120061F112 /* OpenSans-ExtraBoldItalic.ttf in Resources */,
				A07F3CBE288748120061F112 /* OpenSans-SemiBoldItalic.ttf in Resources */,
				A07F3CC3288748120061F112 /* OpenSans-BoldItalic.ttf in Resources */,
				A07F3CB7288748120061F112 /* OpenSans-Italic.ttf in Resources */,
				A07F3CC5288748120061F112 /* Poppins-Italic.ttf in Resources */,
				A07F3CB2288748120061F112 /* OpenSans-SemiBold.ttf in Resources */,
				A07F3CB6288748120061F112 /* Poppins-SemiBoldItalic.ttf in Resources */,
				A07F3CC1288748120061F112 /* Poppins-Bold.ttf in Resources */,
				A07F3CB4288748120061F112 /* Poppins-Light.ttf in Resources */,
				A07F3CB8288748120061F112 /* Poppins-ExtraBoldItalic.ttf in Resources */,
				A07F3CC728874ADF0061F112 /* swiftgen.yml in Resources */,
				A07F3CB5288748120061F112 /* OpenSans-Light.ttf in Resources */,
				A07F3CC2288748120061F112 /* OpenSans-Regular.ttf in Resources */,
				A07F3C88288746EA0061F112 /* Assets.xcassets in Resources */,
				A07F3CC4288748120061F112 /* Poppins-SemiBold.ttf in Resources */,
				A07F3CB9288748120061F112 /* Poppins-ExtraBold.ttf in Resources */,
				A07F3CBC288748120061F112 /* OpenSans-Bold.ttf in Resources */,
				A07F3CBD288748120061F112 /* Poppins-Regular.ttf in Resources */,
				A07F3C94288747260061F112 /* Localizable.strings in Resources */,
				A07F3CB1288748120061F112 /* colors.txt in Resources */,
				A07F3CB3288748120061F112 /* Poppins-BoldItalic.ttf in Resources */,
				A07F3CBB288748120061F112 /* OpenSans-LightItalic.ttf in Resources */,
				A07F3CBA288748120061F112 /* OpenSans-ExtraBold.ttf in Resources */,
			);
			runOnlyForDeploymentPostprocessing = 0;
		};
		A0ECE6922887A50D00AFA923 /* Resources */ = {
			isa = PBXResourcesBuildPhase;
			buildActionMask = 2147483647;
			files = (
			);
			runOnlyForDeploymentPostprocessing = 0;
		};
/* End PBXResourcesBuildPhase section */

/* Begin PBXShellScriptBuildPhase section */
		00F7B6A4B5B6596045B10B23 /* [CP] Check Pods Manifest.lock */ = {
			isa = PBXShellScriptBuildPhase;
			buildActionMask = 2147483647;
			files = (
			);
			inputFileListPaths = (
			);
			inputPaths = (
				"${PODS_PODFILE_DIR_PATH}/Podfile.lock",
				"${PODS_ROOT}/Manifest.lock",
			);
			name = "[CP] Check Pods Manifest.lock";
			outputFileListPaths = (
			);
			outputPaths = (
				"$(DERIVED_FILE_DIR)/Pods-Main-checkManifestLockResult.txt",
			);
			runOnlyForDeploymentPostprocessing = 0;
			shellPath = /bin/sh;
			shellScript = "diff \"${PODS_PODFILE_DIR_PATH}/Podfile.lock\" \"${PODS_ROOT}/Manifest.lock\" > /dev/null\nif [ $? != 0 ] ; then\n    # print error to STDERR\n    echo \"error: The sandbox is not in sync with the Podfile.lock. Run 'pod install' or update your CocoaPods installation.\" >&2\n    exit 1\nfi\n# This output is used by Xcode 'outputs' to avoid re-running this script phase.\necho \"SUCCESS\" > \"${SCRIPT_OUTPUT_FILE_0}\"\n";
			showEnvVarsInLog = 0;
		};
		0F8D08F8EDABB573A875664B /* [CP] Check Pods Manifest.lock */ = {
			isa = PBXShellScriptBuildPhase;
			buildActionMask = 2147483647;
			files = (
			);
			inputFileListPaths = (
			);
			inputPaths = (
				"${PODS_PODFILE_DIR_PATH}/Podfile.lock",
				"${PODS_ROOT}/Manifest.lock",
			);
			name = "[CP] Check Pods Manifest.lock";
			outputFileListPaths = (
			);
			outputPaths = (
				"$(DERIVED_FILE_DIR)/Pods-Core-checkManifestLockResult.txt",
			);
			runOnlyForDeploymentPostprocessing = 0;
			shellPath = /bin/sh;
			shellScript = "diff \"${PODS_PODFILE_DIR_PATH}/Podfile.lock\" \"${PODS_ROOT}/Manifest.lock\" > /dev/null\nif [ $? != 0 ] ; then\n    # print error to STDERR\n    echo \"error: The sandbox is not in sync with the Podfile.lock. Run 'pod install' or update your CocoaPods installation.\" >&2\n    exit 1\nfi\n# This output is used by Xcode 'outputs' to avoid re-running this script phase.\necho \"SUCCESS\" > \"${SCRIPT_OUTPUT_FILE_0}\"\n";
			showEnvVarsInLog = 0;
		};
		68498EDE8367A84894386774 /* [CP] Check Pods Manifest.lock */ = {
			isa = PBXShellScriptBuildPhase;
			buildActionMask = 2147483647;
			files = (
			);
			inputFileListPaths = (
			);
			inputPaths = (
				"${PODS_PODFILE_DIR_PATH}/Podfile.lock",
				"${PODS_ROOT}/Manifest.lock",
			);
			name = "[CP] Check Pods Manifest.lock";
			outputFileListPaths = (
			);
			outputPaths = (
				"$(DERIVED_FILE_DIR)/Pods-BaseApplication-checkManifestLockResult.txt",
			);
			runOnlyForDeploymentPostprocessing = 0;
			shellPath = /bin/sh;
			shellScript = "diff \"${PODS_PODFILE_DIR_PATH}/Podfile.lock\" \"${PODS_ROOT}/Manifest.lock\" > /dev/null\nif [ $? != 0 ] ; then\n    # print error to STDERR\n    echo \"error: The sandbox is not in sync with the Podfile.lock. Run 'pod install' or update your CocoaPods installation.\" >&2\n    exit 1\nfi\n# This output is used by Xcode 'outputs' to avoid re-running this script phase.\necho \"SUCCESS\" > \"${SCRIPT_OUTPUT_FILE_0}\"\n";
			showEnvVarsInLog = 0;
		};
		7EA1387F97AEA91715597698 /* [CP] Embed Pods Frameworks */ = {
			isa = PBXShellScriptBuildPhase;
			buildActionMask = 2147483647;
			files = (
			);
			inputFileListPaths = (
				"${PODS_ROOT}/Target Support Files/Pods-BaseApplication/Pods-BaseApplication-frameworks-${CONFIGURATION}-input-files.xcfilelist",
			);
			name = "[CP] Embed Pods Frameworks";
			outputFileListPaths = (
				"${PODS_ROOT}/Target Support Files/Pods-BaseApplication/Pods-BaseApplication-frameworks-${CONFIGURATION}-output-files.xcfilelist",
			);
			runOnlyForDeploymentPostprocessing = 0;
			shellPath = /bin/sh;
			shellScript = "\"${PODS_ROOT}/Target Support Files/Pods-BaseApplication/Pods-BaseApplication-frameworks.sh\"\n";
			showEnvVarsInLog = 0;
		};
		A07F3CC8288754AE0061F112 /* SwiftLint */ = {
			isa = PBXShellScriptBuildPhase;
			buildActionMask = 2147483647;
			files = (
			);
			inputFileListPaths = (
			);
			inputPaths = (
			);
			name = SwiftLint;
			outputFileListPaths = (
			);
			outputPaths = (
			);
			runOnlyForDeploymentPostprocessing = 0;
			shellPath = /bin/sh;
			shellScript = "# Type a script or drag a script file from your workspace to insert its path.\n\"${PODS_ROOT}/SwiftLint/swiftlint\"\n";
		};
		A07F3CC9288754CE0061F112 /* SwiftGen */ = {
			isa = PBXShellScriptBuildPhase;
			buildActionMask = 2147483647;
			files = (
			);
			inputFileListPaths = (
			);
			inputPaths = (
			);
			name = SwiftGen;
			outputFileListPaths = (
			);
			outputPaths = (
			);
			runOnlyForDeploymentPostprocessing = 0;
			shellPath = /bin/sh;
			shellScript = "# Type a script or drag a script file from your workspace to insert its path.\n\"$PODS_ROOT/SwiftGen/bin/swiftgen\"\n";
		};
/* End PBXShellScriptBuildPhase section */

/* Begin PBXSourcesBuildPhase section */
		A07F3C4E288736200061F112 /* Sources */ = {
			isa = PBXSourcesBuildPhase;
			buildActionMask = 2147483647;
			files = (
				A0ECE66E2887945D00AFA923 /* AppCoordinator.swift in Sources */,
				A07F3C56288736200061F112 /* AppDelegate.swift in Sources */,
				A07F3C58288736200061F112 /* SceneDelegate.swift in Sources */,
			);
			runOnlyForDeploymentPostprocessing = 0;
		};
		A07F3C722887381F0061F112 /* Sources */ = {
			isa = PBXSourcesBuildPhase;
			buildActionMask = 2147483647;
			files = (
				A0ECE6A92888EAB100AFA923 /* IntrinsicTableView.swift in Sources */,
				A07F3C96288747260061F112 /* FontFamily.swift in Sources */,
				A07F3D02288792190061F112 /* UIScreen+Extension.swift in Sources */,
				A0ECE68228879E2D00AFA923 /* AppTextField.swift in Sources */,
				A07F3CEE288792190061F112 /* Date+Extension.swift in Sources */,
				A0ECE6772887974100AFA923 /* AppNavBarView.swift in Sources */,
				A0ECE68A28879F3B00AFA923 /* ServiceManager.swift in Sources */,
				A07F3CEA288792190061F112 /* UIStackView+Extension.swift in Sources */,
				A07F3D04288792190061F112 /* Double+Extension.swift in Sources */,
				A07F3CFC288792190061F112 /* NSLayoutXAxisAnchor+Extension.swift in Sources */,
				A07F3CEB288792190061F112 /* UIApplication+Extension.swift in Sources */,
				A07F3CFA288792190061F112 /* UIScrollView+Extension.swift in Sources */,
				A0ECE67F28879BC900AFA923 /* AppNavBarType.swift in Sources */,
				A07F3CF0288792190061F112 /* UINavigationController+Extension.swift in Sources */,
				A07F3CF2288792190061F112 /* Array+Extension.swift in Sources */,
				A0ECE68E2887A30A00AFA923 /* ViewModel.swift in Sources */,
				A07F3CF4288792190061F112 /* UIView+Extension.swift in Sources */,
				A07F3D05288792190061F112 /* NSMutableAttributedString+Extension.swift in Sources */,
				A07F3CF5288792190061F112 /* UILabel+Extension.swift in Sources */,
				A07F3CFD288792190061F112 /* DispatchQueue+Extension.swift in Sources */,
				A0ECE671288794DC00AFA923 /* ViewController.swift in Sources */,
				A07F3C95288747260061F112 /* AppStrings.swift in Sources */,
				A0ECE68628879F2300AFA923 /* BaseService.swift in Sources */,
				A07F3CCD288791AC0061F112 /* Coordinator.swift in Sources */,
				A0ECE67B2887977700AFA923 /* AppBorderLabel.swift in Sources */,
				A07F3D00288792190061F112 /* UIImageView+Extension.swift in Sources */,
				A07F3CF6288792190061F112 /* URL+Extension.swift in Sources */,
				A0ECE673288796DB00AFA923 /* View.swift in Sources */,
				A07F3CFF288792190061F112 /* UIImage+Extension.swift in Sources */,
				A07F3CEC288792190061F112 /* Encodable+Extension.swift in Sources */,
				A0ECE68C2887A1A400AFA923 /* Storage.swift in Sources */,
				A07F3CF1288792190061F112 /* UIWindow+Extension.swift in Sources */,
				A07F3CF9288792190061F112 /* UserDefaults+Extension.swift in Sources */,
				A0ECE68828879F2300AFA923 /* BaseRequestProtocol.swift in Sources */,
				A07F3CFE288792190061F112 /* String+Extension.swift in Sources */,
				A07F3C93288747260061F112 /* Assets.swift in Sources */,
				A07F3CF3288792190061F112 /* NSLayoutYAxisAnchor+Extension.swift in Sources */,
				A07F3D03288792190061F112 /* UITextView+Extension.swift in Sources */,
				A07F3CF8288792190061F112 /* UIViewController+Extension.swift in Sources */,
				A07F3CF7288792190061F112 /* StringProtocol+Extension.swift in Sources */,
				A07F3C92288747260061F112 /* Colors.swift in Sources */,
				A0ECE67C2887977700AFA923 /* AppLabel.swift in Sources */,
				A0ECE68728879F2300AFA923 /* Url.swift in Sources */,
			);
			runOnlyForDeploymentPostprocessing = 0;
		};
		A0ECE6902887A50D00AFA923 /* Sources */ = {
			isa = PBXSourcesBuildPhase;
			buildActionMask = 2147483647;
			files = (
				A08BB2BA289AC3A5009FCA99 /* ConfigEnvironmentView.swift in Sources */,
				A08BB2B6289AC3A5009FCA99 /* ConfigEnvironmentViewModel.swift in Sources */,
				A08BB2B8289AC3A5009FCA99 /* ConfigEnvironmentCell.swift in Sources */,
				A08BB2B7289AC3A5009FCA99 /* ConfigEnvironmentService.swift in Sources */,
				A0ECE6C72888F0AB00AFA923 /* MainCoordinator.swift in Sources */,
				A08BB2B9289AC3A5009FCA99 /* ConfigEnvironmentViewController.swift in Sources */,
			);
			runOnlyForDeploymentPostprocessing = 0;
		};
/* End PBXSourcesBuildPhase section */

/* Begin PBXTargetDependency section */
		A07F3C7B2887381F0061F112 /* PBXTargetDependency */ = {
			isa = PBXTargetDependency;
			target = A07F3C752887381F0061F112 /* Core */;
			targetProxy = A07F3C7A2887381F0061F112 /* PBXContainerItemProxy */;
		};
		A0ECE6992887A50D00AFA923 /* PBXTargetDependency */ = {
			isa = PBXTargetDependency;
			target = A0ECE6932887A50D00AFA923 /* Main */;
			targetProxy = A0ECE6982887A50D00AFA923 /* PBXContainerItemProxy */;
		};
		A0ECE6C32888ECD600AFA923 /* PBXTargetDependency */ = {
			isa = PBXTargetDependency;
			target = A07F3C752887381F0061F112 /* Core */;
			targetProxy = A0ECE6C22888ECD600AFA923 /* PBXContainerItemProxy */;
		};
/* End PBXTargetDependency section */

/* Begin PBXVariantGroup section */
		A07F3C60288736220061F112 /* LaunchScreen.storyboard */ = {
			isa = PBXVariantGroup;
			children = (
				A07F3C61288736220061F112 /* Base */,
			);
			name = LaunchScreen.storyboard;
			sourceTree = "<group>";
		};
/* End PBXVariantGroup section */

/* Begin XCBuildConfiguration section */
		A07F3C64288736220061F112 /* Debug */ = {
			isa = XCBuildConfiguration;
			buildSettings = {
				ALWAYS_SEARCH_USER_PATHS = NO;
				CLANG_ANALYZER_NONNULL = YES;
				CLANG_ANALYZER_NUMBER_OBJECT_CONVERSION = YES_AGGRESSIVE;
				CLANG_CXX_LANGUAGE_STANDARD = "gnu++17";
				CLANG_CXX_LIBRARY = "libc++";
				CLANG_ENABLE_MODULES = YES;
				CLANG_ENABLE_OBJC_ARC = YES;
				CLANG_ENABLE_OBJC_WEAK = YES;
				CLANG_WARN_BLOCK_CAPTURE_AUTORELEASING = YES;
				CLANG_WARN_BOOL_CONVERSION = YES;
				CLANG_WARN_COMMA = YES;
				CLANG_WARN_CONSTANT_CONVERSION = YES;
				CLANG_WARN_DEPRECATED_OBJC_IMPLEMENTATIONS = YES;
				CLANG_WARN_DIRECT_OBJC_ISA_USAGE = YES_ERROR;
				CLANG_WARN_DOCUMENTATION_COMMENTS = YES;
				CLANG_WARN_EMPTY_BODY = YES;
				CLANG_WARN_ENUM_CONVERSION = YES;
				CLANG_WARN_INFINITE_RECURSION = YES;
				CLANG_WARN_INT_CONVERSION = YES;
				CLANG_WARN_NON_LITERAL_NULL_CONVERSION = YES;
				CLANG_WARN_OBJC_IMPLICIT_RETAIN_SELF = YES;
				CLANG_WARN_OBJC_LITERAL_CONVERSION = YES;
				CLANG_WARN_OBJC_ROOT_CLASS = YES_ERROR;
				CLANG_WARN_QUOTED_INCLUDE_IN_FRAMEWORK_HEADER = YES;
				CLANG_WARN_RANGE_LOOP_ANALYSIS = YES;
				CLANG_WARN_STRICT_PROTOTYPES = YES;
				CLANG_WARN_SUSPICIOUS_MOVE = YES;
				CLANG_WARN_UNGUARDED_AVAILABILITY = YES_AGGRESSIVE;
				CLANG_WARN_UNREACHABLE_CODE = YES;
				CLANG_WARN__DUPLICATE_METHOD_MATCH = YES;
				COPY_PHASE_STRIP = NO;
				DEBUG_INFORMATION_FORMAT = dwarf;
				ENABLE_STRICT_OBJC_MSGSEND = YES;
				ENABLE_TESTABILITY = YES;
				ENABLE_TESTING_SEARCH_PATHS = YES;
				GCC_C_LANGUAGE_STANDARD = gnu11;
				GCC_DYNAMIC_NO_PIC = NO;
				GCC_NO_COMMON_BLOCKS = YES;
				GCC_OPTIMIZATION_LEVEL = 0;
				GCC_PREPROCESSOR_DEFINITIONS = (
					"DEBUG=1",
					"$(inherited)",
				);
				GCC_WARN_64_TO_32_BIT_CONVERSION = YES;
				GCC_WARN_ABOUT_RETURN_TYPE = YES_ERROR;
				GCC_WARN_UNDECLARED_SELECTOR = YES;
				GCC_WARN_UNINITIALIZED_AUTOS = YES_AGGRESSIVE;
				GCC_WARN_UNUSED_FUNCTION = YES;
				GCC_WARN_UNUSED_VARIABLE = YES;
				IPHONEOS_DEPLOYMENT_TARGET = 15.0;
				MTL_ENABLE_DEBUG_INFO = INCLUDE_SOURCE;
				MTL_FAST_MATH = YES;
				ONLY_ACTIVE_ARCH = YES;
				SDKROOT = iphoneos;
				SWIFT_ACTIVE_COMPILATION_CONDITIONS = DEBUG;
				SWIFT_OPTIMIZATION_LEVEL = "-Onone";
			};
			name = Debug;
		};
		A07F3C65288736220061F112 /* Release */ = {
			isa = XCBuildConfiguration;
			buildSettings = {
				ALWAYS_SEARCH_USER_PATHS = NO;
				CLANG_ANALYZER_NONNULL = YES;
				CLANG_ANALYZER_NUMBER_OBJECT_CONVERSION = YES_AGGRESSIVE;
				CLANG_CXX_LANGUAGE_STANDARD = "gnu++17";
				CLANG_CXX_LIBRARY = "libc++";
				CLANG_ENABLE_MODULES = YES;
				CLANG_ENABLE_OBJC_ARC = YES;
				CLANG_ENABLE_OBJC_WEAK = YES;
				CLANG_WARN_BLOCK_CAPTURE_AUTORELEASING = YES;
				CLANG_WARN_BOOL_CONVERSION = YES;
				CLANG_WARN_COMMA = YES;
				CLANG_WARN_CONSTANT_CONVERSION = YES;
				CLANG_WARN_DEPRECATED_OBJC_IMPLEMENTATIONS = YES;
				CLANG_WARN_DIRECT_OBJC_ISA_USAGE = YES_ERROR;
				CLANG_WARN_DOCUMENTATION_COMMENTS = YES;
				CLANG_WARN_EMPTY_BODY = YES;
				CLANG_WARN_ENUM_CONVERSION = YES;
				CLANG_WARN_INFINITE_RECURSION = YES;
				CLANG_WARN_INT_CONVERSION = YES;
				CLANG_WARN_NON_LITERAL_NULL_CONVERSION = YES;
				CLANG_WARN_OBJC_IMPLICIT_RETAIN_SELF = YES;
				CLANG_WARN_OBJC_LITERAL_CONVERSION = YES;
				CLANG_WARN_OBJC_ROOT_CLASS = YES_ERROR;
				CLANG_WARN_QUOTED_INCLUDE_IN_FRAMEWORK_HEADER = YES;
				CLANG_WARN_RANGE_LOOP_ANALYSIS = YES;
				CLANG_WARN_STRICT_PROTOTYPES = YES;
				CLANG_WARN_SUSPICIOUS_MOVE = YES;
				CLANG_WARN_UNGUARDED_AVAILABILITY = YES_AGGRESSIVE;
				CLANG_WARN_UNREACHABLE_CODE = YES;
				CLANG_WARN__DUPLICATE_METHOD_MATCH = YES;
				COPY_PHASE_STRIP = NO;
				DEBUG_INFORMATION_FORMAT = "dwarf-with-dsym";
				ENABLE_NS_ASSERTIONS = NO;
				ENABLE_STRICT_OBJC_MSGSEND = YES;
				ENABLE_TESTING_SEARCH_PATHS = YES;
				GCC_C_LANGUAGE_STANDARD = gnu11;
				GCC_NO_COMMON_BLOCKS = YES;
				GCC_WARN_64_TO_32_BIT_CONVERSION = YES;
				GCC_WARN_ABOUT_RETURN_TYPE = YES_ERROR;
				GCC_WARN_UNDECLARED_SELECTOR = YES;
				GCC_WARN_UNINITIALIZED_AUTOS = YES_AGGRESSIVE;
				GCC_WARN_UNUSED_FUNCTION = YES;
				GCC_WARN_UNUSED_VARIABLE = YES;
				IPHONEOS_DEPLOYMENT_TARGET = 15.0;
				MTL_ENABLE_DEBUG_INFO = NO;
				MTL_FAST_MATH = YES;
				SDKROOT = iphoneos;
				SWIFT_COMPILATION_MODE = wholemodule;
				SWIFT_OPTIMIZATION_LEVEL = "-O";
				VALIDATE_PRODUCT = YES;
			};
			name = Release;
		};
		A07F3C67288736220061F112 /* Debug */ = {
			isa = XCBuildConfiguration;
			baseConfigurationReference = 161294A45C6BB552DC689B66 /* Pods-BaseApplication.debug.xcconfig */;
			buildSettings = {
				ALWAYS_EMBED_SWIFT_STANDARD_LIBRARIES = YES;
				ASSETCATALOG_COMPILER_APPICON_NAME = AppIcon;
				ASSETCATALOG_COMPILER_GLOBAL_ACCENT_COLOR_NAME = AccentColor;
				CODE_SIGN_IDENTITY = "Apple Development";
				CODE_SIGN_STYLE = Automatic;
				CURRENT_PROJECT_VERSION = 1;
				DEVELOPMENT_TEAM = "";
				GENERATE_INFOPLIST_FILE = YES;
				INFOPLIST_FILE = BaseApplication/Info.plist;
				INFOPLIST_KEY_CFBundleDisplayName = BaseApp;
				INFOPLIST_KEY_UIApplicationSupportsIndirectInputEvents = YES;
				INFOPLIST_KEY_UILaunchStoryboardName = LaunchScreen;
				INFOPLIST_KEY_UISupportedInterfaceOrientations_iPad = "UIInterfaceOrientationPortrait UIInterfaceOrientationPortraitUpsideDown UIInterfaceOrientationLandscapeLeft UIInterfaceOrientationLandscapeRight";
				INFOPLIST_KEY_UISupportedInterfaceOrientations_iPhone = "UIInterfaceOrientationPortrait UIInterfaceOrientationLandscapeLeft UIInterfaceOrientationLandscapeRight";
				LD_RUNPATH_SEARCH_PATHS = (
					"$(inherited)",
					"@executable_path/Frameworks",
				);
				MARKETING_VERSION = 1.0;
				PRODUCT_BUNDLE_IDENTIFIER = BaseApplication;
				PRODUCT_NAME = "$(TARGET_NAME)";
				PROVISIONING_PROFILE_SPECIFIER = "";
				SWIFT_EMIT_LOC_STRINGS = YES;
				SWIFT_VERSION = 5.0;
				TARGETED_DEVICE_FAMILY = "1,2";
			};
			name = Debug;
		};
		A07F3C68288736220061F112 /* Release */ = {
			isa = XCBuildConfiguration;
			baseConfigurationReference = 3F2E08A336D0C2A11C070BAA /* Pods-BaseApplication.release.xcconfig */;
			buildSettings = {
				ALWAYS_EMBED_SWIFT_STANDARD_LIBRARIES = YES;
				ASSETCATALOG_COMPILER_APPICON_NAME = AppIcon;
				ASSETCATALOG_COMPILER_GLOBAL_ACCENT_COLOR_NAME = AccentColor;
				CODE_SIGN_IDENTITY = "Apple Development";
				CODE_SIGN_STYLE = Automatic;
				CURRENT_PROJECT_VERSION = 1;
				DEVELOPMENT_TEAM = "";
				GENERATE_INFOPLIST_FILE = YES;
				INFOPLIST_FILE = BaseApplication/Info.plist;
				INFOPLIST_KEY_CFBundleDisplayName = BaseApp;
				INFOPLIST_KEY_UIApplicationSupportsIndirectInputEvents = YES;
				INFOPLIST_KEY_UILaunchStoryboardName = LaunchScreen;
				INFOPLIST_KEY_UISupportedInterfaceOrientations_iPad = "UIInterfaceOrientationPortrait UIInterfaceOrientationPortraitUpsideDown UIInterfaceOrientationLandscapeLeft UIInterfaceOrientationLandscapeRight";
				INFOPLIST_KEY_UISupportedInterfaceOrientations_iPhone = "UIInterfaceOrientationPortrait UIInterfaceOrientationLandscapeLeft UIInterfaceOrientationLandscapeRight";
				LD_RUNPATH_SEARCH_PATHS = (
					"$(inherited)",
					"@executable_path/Frameworks",
				);
				MARKETING_VERSION = 1.0;
				PRODUCT_BUNDLE_IDENTIFIER = BaseApplication;
				PRODUCT_NAME = "$(TARGET_NAME)";
				PROVISIONING_PROFILE_SPECIFIER = "";
				SWIFT_EMIT_LOC_STRINGS = YES;
				SWIFT_VERSION = 5.0;
				TARGETED_DEVICE_FAMILY = "1,2";
			};
			name = Release;
		};
		A07F3C7F2887381F0061F112 /* Debug */ = {
			isa = XCBuildConfiguration;
			baseConfigurationReference = 2764112521BB1750659F40DD /* Pods-Core.debug.xcconfig */;
			buildSettings = {
				CODE_SIGN_STYLE = Automatic;
				CURRENT_PROJECT_VERSION = 1;
				DEFINES_MODULE = YES;
				DEVELOPMENT_TEAM = "";
				DYLIB_COMPATIBILITY_VERSION = 1;
				DYLIB_CURRENT_VERSION = 1;
				DYLIB_INSTALL_NAME_BASE = "@rpath";
				GENERATE_INFOPLIST_FILE = YES;
				INFOPLIST_KEY_NSHumanReadableCopyright = "";
				INSTALL_PATH = "$(LOCAL_LIBRARY_DIR)/Frameworks";
				LD_RUNPATH_SEARCH_PATHS = (
					"$(inherited)",
					"@executable_path/Frameworks",
					"@loader_path/Frameworks",
				);
				MARKETING_VERSION = 1.0;
				PRODUCT_BUNDLE_IDENTIFIER = Base.Core;
				PRODUCT_NAME = "$(TARGET_NAME:c99extidentifier)";
				SKIP_INSTALL = YES;
				SWIFT_EMIT_LOC_STRINGS = YES;
				SWIFT_VERSION = 5.0;
				TARGETED_DEVICE_FAMILY = "1,2";
				VERSIONING_SYSTEM = "apple-generic";
				VERSION_INFO_PREFIX = "";
			};
			name = Debug;
		};
		A07F3C802887381F0061F112 /* Release */ = {
			isa = XCBuildConfiguration;
			baseConfigurationReference = B5A4B6193EB062EFA037E541 /* Pods-Core.release.xcconfig */;
			buildSettings = {
				CODE_SIGN_STYLE = Automatic;
				CURRENT_PROJECT_VERSION = 1;
				DEFINES_MODULE = YES;
				DEVELOPMENT_TEAM = "";
				DYLIB_COMPATIBILITY_VERSION = 1;
				DYLIB_CURRENT_VERSION = 1;
				DYLIB_INSTALL_NAME_BASE = "@rpath";
				GENERATE_INFOPLIST_FILE = YES;
				INFOPLIST_KEY_NSHumanReadableCopyright = "";
				INSTALL_PATH = "$(LOCAL_LIBRARY_DIR)/Frameworks";
				LD_RUNPATH_SEARCH_PATHS = (
					"$(inherited)",
					"@executable_path/Frameworks",
					"@loader_path/Frameworks",
				);
				MARKETING_VERSION = 1.0;
				PRODUCT_BUNDLE_IDENTIFIER = Base.Core;
				PRODUCT_NAME = "$(TARGET_NAME:c99extidentifier)";
				SKIP_INSTALL = YES;
				SWIFT_EMIT_LOC_STRINGS = YES;
				SWIFT_VERSION = 5.0;
				TARGETED_DEVICE_FAMILY = "1,2";
				VERSIONING_SYSTEM = "apple-generic";
				VERSION_INFO_PREFIX = "";
			};
			name = Release;
		};
		A0ECE69C2887A50D00AFA923 /* Debug */ = {
			isa = XCBuildConfiguration;
			baseConfigurationReference = 894262CB3DE3ADBF6DFFA1E3 /* Pods-Main.debug.xcconfig */;
			buildSettings = {
				CLANG_ENABLE_MODULES = YES;
				CODE_SIGN_IDENTITY = "Apple Development";
				"CODE_SIGN_IDENTITY[sdk=macosx*]" = "Apple Development";
				CODE_SIGN_STYLE = Automatic;
				CURRENT_PROJECT_VERSION = 1;
				DEFINES_MODULE = YES;
				DEVELOPMENT_TEAM = "";
				DYLIB_COMPATIBILITY_VERSION = 1;
				DYLIB_CURRENT_VERSION = 1;
				DYLIB_INSTALL_NAME_BASE = "@rpath";
				GENERATE_INFOPLIST_FILE = YES;
				INFOPLIST_KEY_NSHumanReadableCopyright = "";
				INSTALL_PATH = "$(LOCAL_LIBRARY_DIR)/Frameworks";
				LD_RUNPATH_SEARCH_PATHS = (
					"$(inherited)",
					"@executable_path/Frameworks",
					"@loader_path/Frameworks",
				);
				MARKETING_VERSION = 1.0;
				PRODUCT_BUNDLE_IDENTIFIER = Base.Main;
				PRODUCT_NAME = "$(TARGET_NAME:c99extidentifier)";
				PROVISIONING_PROFILE_SPECIFIER = "";
				"PROVISIONING_PROFILE_SPECIFIER[sdk=macosx*]" = "";
				SKIP_INSTALL = YES;
				SWIFT_EMIT_LOC_STRINGS = YES;
				SWIFT_OPTIMIZATION_LEVEL = "-Onone";
				SWIFT_VERSION = 5.0;
				TARGETED_DEVICE_FAMILY = "1,2";
				VERSIONING_SYSTEM = "apple-generic";
				VERSION_INFO_PREFIX = "";
			};
			name = Debug;
		};
		A0ECE69D2887A50D00AFA923 /* Release */ = {
			isa = XCBuildConfiguration;
			baseConfigurationReference = A792E2BF7C662EF78224F414 /* Pods-Main.release.xcconfig */;
			buildSettings = {
				CLANG_ENABLE_MODULES = YES;
				CODE_SIGN_IDENTITY = "Apple Development";
				"CODE_SIGN_IDENTITY[sdk=macosx*]" = "Apple Development";
				CODE_SIGN_STYLE = Automatic;
				CURRENT_PROJECT_VERSION = 1;
				DEFINES_MODULE = YES;
				DEVELOPMENT_TEAM = "";
				DYLIB_COMPATIBILITY_VERSION = 1;
				DYLIB_CURRENT_VERSION = 1;
				DYLIB_INSTALL_NAME_BASE = "@rpath";
				GENERATE_INFOPLIST_FILE = YES;
				INFOPLIST_KEY_NSHumanReadableCopyright = "";
				INSTALL_PATH = "$(LOCAL_LIBRARY_DIR)/Frameworks";
				LD_RUNPATH_SEARCH_PATHS = (
					"$(inherited)",
					"@executable_path/Frameworks",
					"@loader_path/Frameworks",
				);
				MARKETING_VERSION = 1.0;
				PRODUCT_BUNDLE_IDENTIFIER = Base.Main;
				PRODUCT_NAME = "$(TARGET_NAME:c99extidentifier)";
				PROVISIONING_PROFILE_SPECIFIER = "";
				"PROVISIONING_PROFILE_SPECIFIER[sdk=macosx*]" = "";
				SKIP_INSTALL = YES;
				SWIFT_EMIT_LOC_STRINGS = YES;
				SWIFT_VERSION = 5.0;
				TARGETED_DEVICE_FAMILY = "1,2";
				VERSIONING_SYSTEM = "apple-generic";
				VERSION_INFO_PREFIX = "";
			};
			name = Release;
		};
/* End XCBuildConfiguration section */

/* Begin XCConfigurationList section */
		A07F3C4D288736200061F112 /* Build configuration list for PBXProject "BaseApplication" */ = {
			isa = XCConfigurationList;
			buildConfigurations = (
				A07F3C64288736220061F112 /* Debug */,
				A07F3C65288736220061F112 /* Release */,
			);
			defaultConfigurationIsVisible = 0;
			defaultConfigurationName = Release;
		};
		A07F3C66288736220061F112 /* Build configuration list for PBXNativeTarget "BaseApplication" */ = {
			isa = XCConfigurationList;
			buildConfigurations = (
				A07F3C67288736220061F112 /* Debug */,
				A07F3C68288736220061F112 /* Release */,
			);
			defaultConfigurationIsVisible = 0;
			defaultConfigurationName = Release;
		};
		A07F3C7E2887381F0061F112 /* Build configuration list for PBXNativeTarget "Core" */ = {
			isa = XCConfigurationList;
			buildConfigurations = (
				A07F3C7F2887381F0061F112 /* Debug */,
				A07F3C802887381F0061F112 /* Release */,
			);
			defaultConfigurationIsVisible = 0;
			defaultConfigurationName = Release;
		};
		A0ECE69E2887A50D00AFA923 /* Build configuration list for PBXNativeTarget "Main" */ = {
			isa = XCConfigurationList;
			buildConfigurations = (
				A0ECE69C2887A50D00AFA923 /* Debug */,
				A0ECE69D2887A50D00AFA923 /* Release */,
			);
			defaultConfigurationIsVisible = 0;
			defaultConfigurationName = Release;
		};
/* End XCConfigurationList section */
	};
	rootObject = A07F3C4A288736200061F112 /* Project object */;
}
